
Microsoft Visual Studio Solution File, Format Version 12.00
# Visual Studio Version 16
VisualStudioVersion = 16.0.30517.126
MinimumVisualStudioVersion = 10.0.40219.1
Project("{9A19103F-16F7-4668-BE54-9A1E7A4F7556}") = "MailSender", "MailSender\MailSender.csproj", "{E14C897D-9D18-4AFF-A1BA-846C3BE6C765}"
EndProject
Project("{2150E333-8FDC-42A3-9474-1A3956D46DE8}") = "Tests", "Tests", "{6C1AB79C-A9B3-467A-BED1-39A5D59AC810}"
EndProject
Project("{9A19103F-16F7-4668-BE54-9A1E7A4F7556}") = "ConsoleTests", "Tests\ConsoleTests\ConsoleTests.csproj", "{C4FB57CE-7143-4224-BAB4-F45153699EBA}"
EndProject
Project("{9A19103F-16F7-4668-BE54-9A1E7A4F7556}") = "WPFMailSender", "Tests\WPFTests\WPFMailSender.csproj", "{05EF2B3F-83AA-401F-A0C4-DED75A914725}"
EndProject
Project("{9A19103F-16F7-4668-BE54-9A1E7A4F7556}") = "MailSender.lib", "MailSender.lib\MailSender.lib.csproj", "{34DF3ACF-5966-4D27-9348-6A6AFF80EF8C}"
EndProject
Project("{9A19103F-16F7-4668-BE54-9A1E7A4F7556}") = "WPFTests_MVVM", "Tests\WPFTests_MVVM\WPFTests_MVVM.csproj", "{2E3F83AE-1919-4302-9653-0C413AD42AD7}"
EndProject
Project("{9A19103F-16F7-4668-BE54-9A1E7A4F7556}") = "MailSender.lib.Tests", "Tests\MailSender.lib.Tests\MailSender.lib.Tests.csproj", "{2C1B06E9-6C11-4A22-AD77-0E6CF515A39D}"
EndProject
Project("{FAE04EC0-301F-11D3-BF4B-00C04F79EFBC}") = "TestLib", "Tests\TestLib\TestLib.csproj", "{DFEA1B05-3D5C-47F7-B2A0-35D756F31545}"
EndProject
Global
	GlobalSection(SolutionConfigurationPlatforms) = preSolution
		Debug|Any CPU = Debug|Any CPU
		Release|Any CPU = Release|Any CPU
	EndGlobalSection
	GlobalSection(ProjectConfigurationPlatforms) = postSolution
		{E14C897D-9D18-4AFF-A1BA-846C3BE6C765}.Debug|Any CPU.ActiveCfg = Debug|Any CPU
		{E14C897D-9D18-4AFF-A1BA-846C3BE6C765}.Debug|Any CPU.Build.0 = Debug|Any CPU
		{E14C897D-9D18-4AFF-A1BA-846C3BE6C765}.Release|Any CPU.ActiveCfg = Release|Any CPU
		{E14C897D-9D18-4AFF-A1BA-846C3BE6C765}.Release|Any CPU.Build.0 = Release|Any CPU
		{C4FB57CE-7143-4224-BAB4-F45153699EBA}.Debug|Any CPU.ActiveCfg = Debug|Any CPU
		{C4FB57CE-7143-4224-BAB4-F45153699EBA}.Debug|Any CPU.Build.0 = Debug|Any CPU
		{C4FB57CE-7143-4224-BAB4-F45153699EBA}.Release|Any CPU.ActiveCfg = Release|Any CPU
		{C4FB57CE-7143-4224-BAB4-F45153699EBA}.Release|Any CPU.Build.0 = Release|Any CPU
		{05EF2B3F-83AA-401F-A0C4-DED75A914725}.Debug|Any CPU.ActiveCfg = Debug|Any CPU
		{05EF2B3F-83AA-401F-A0C4-DED75A914725}.Debug|Any CPU.Build.0 = Debug|Any CPU
		{05EF2B3F-83AA-401F-A0C4-DED75A914725}.Release|Any CPU.ActiveCfg = Release|Any CPU
		{05EF2B3F-83AA-401F-A0C4-DED75A914725}.Release|Any CPU.Build.0 = Release|Any CPU
		{34DF3ACF-5966-4D27-9348-6A6AFF80EF8C}.Debug|Any CPU.ActiveCfg = Debug|Any CPU
		{34DF3ACF-5966-4D27-9348-6A6AFF80EF8C}.Debug|Any CPU.Build.0 = Debug|Any CPU
		{34DF3ACF-5966-4D27-9348-6A6AFF80EF8C}.Release|Any CPU.ActiveCfg = Release|Any CPU
		{34DF3ACF-5966-4D27-9348-6A6AFF80EF8C}.Release|Any CPU.Build.0 = Release|Any CPU
		{2E3F83AE-1919-4302-9653-0C413AD42AD7}.Debug|Any CPU.ActiveCfg = Debug|Any CPU
		{2E3F83AE-1919-4302-9653-0C413AD42AD7}.Debug|Any CPU.Build.0 = Debug|Any CPU
		{2E3F83AE-1919-4302-9653-0C413AD42AD7}.Release|Any CPU.ActiveCfg = Release|Any CPU
		{2E3F83AE-1919-4302-9653-0C413AD42AD7}.Release|Any CPU.Build.0 = Release|Any CPU
		{2C1B06E9-6C11-4A22-AD77-0E6CF515A39D}.Debug|Any CPU.ActiveCfg = Debug|Any CPU
		{2C1B06E9-6C11-4A22-AD77-0E6CF515A39D}.Debug|Any CPU.Build.0 = Debug|Any CPU
		{2C1B06E9-6C11-4A22-AD77-0E6CF515A39D}.Release|Any CPU.ActiveCfg = Release|Any CPU
		{2C1B06E9-6C11-4A22-AD77-0E6CF515A39D}.Release|Any CPU.Build.0 = Release|Any CPU
		{DFEA1B05-3D5C-47F7-B2A0-35D756F31545}.Debug|Any CPU.ActiveCfg = Debug|Any CPU
		{DFEA1B05-3D5C-47F7-B2A0-35D756F31545}.Debug|Any CPU.Build.0 = Debug|Any CPU
		{DFEA1B05-3D5C-47F7-B2A0-35D756F31545}.Release|Any CPU.ActiveCfg = Release|Any CPU
		{DFEA1B05-3D5C-47F7-B2A0-35D756F31545}.Release|Any CPU.Build.0 = Release|Any CPU
	EndGlobalSection
	GlobalSection(SolutionProperties) = preSolution
		HideSolutionNode = FALSE
	EndGlobalSection
	GlobalSection(NestedProjects) = preSolution
		{C4FB57CE-7143-4224-BAB4-F45153699EBA} = {6C1AB79C-A9B3-467A-BED1-39A5D59AC810}
		{05EF2B3F-83AA-401F-A0C4-DED75A914725} = {6C1AB79C-A9B3-467A-BED1-39A5D59AC810}
		{2E3F83AE-1919-4302-9653-0C413AD42AD7} = {6C1AB79C-A9B3-467A-BED1-39A5D59AC810}
		{2C1B06E9-6C11-4A22-AD77-0E6CF515A39D} = {6C1AB79C-A9B3-467A-BED1-39A5D59AC810}
		{DFEA1B05-3D5C-47F7-B2A0-35D756F31545} = {6C1AB79C-A9B3-467A-BED1-39A5D59AC810}
	EndGlobalSection
	GlobalSection(ExtensibilityGlobals) = postSolution
		SolutionGuid = {4D59F21A-2038-4E13-8567-86EAE8D8F428}
	EndGlobalSection
EndGlobal
